
Microsoft Visual Studio Solution File, Format Version 12.00
# Visual Studio Version 17
VisualStudioVersion = 17.7.34221.43
MinimumVisualStudioVersion = 10.0.40219.1
Project("{FAE04EC0-301F-11D3-BF4B-00C04F79EFBC}") = "isimlendirilmis_islemler", "isimlendirilmis_islemler\isimlendirilmis_islemler.csproj", "{BBD51250-D6F6-4946-AE25-E3A2D12905EE}"
EndProject
Global
	GlobalSection(SolutionConfigurationPlatforms) = preSolution
		Debug|Any CPU = Debug|Any CPU
		Release|Any CPU = Release|Any CPU
	EndGlobalSection
	GlobalSection(ProjectConfigurationPlatforms) = postSolution
		{BBD51250-D6F6-4946-AE25-E3A2D12905EE}.Debug|Any CPU.ActiveCfg = Debug|Any CPU
		{BBD51250-D6F6-4946-AE25-E3A2D12905EE}.Debug|Any CPU.Build.0 = Debug|Any CPU
		{BBD51250-D6F6-4946-AE25-E3A2D12905EE}.Release|Any CPU.ActiveCfg = Release|Any CPU
		{BBD51250-D6F6-4946-AE25-E3A2D12905EE}.Release|Any CPU.Build.0 = Release|Any CPU
	EndGlobalSection
	GlobalSection(SolutionProperties) = preSolution
		HideSolutionNode = FALSE
	EndGlobalSection
	GlobalSection(ExtensibilityGlobals) = postSolution
		SolutionGuid = {10D2F487-D02B-425D-AC9F-75EBD9C617E8}
	EndGlobalSection
EndGlobal
